<Solution>
	<Folder Name="/Solution Items/">
		<File Path=".editorconfig" />
		<File Path=".gitattributes" />
		<File Path=".gitignore" />
		<File Path="CLAUDE.md" />
		<File Path="Directory.Build.props" />
		<File Path="global.json" />
		<File Path="LICENSE" />
		<File Path="nuget.config" />
		<File Path="README.md" />
	</Folder>
	<Folder Name="/src/">
		<File Path="src/Directory.Build.props" />
		<File Path="src/Directory.Build.targets" />
		<Project Path="src/Persistence.EntityFramework/Persistence.EntityFramework.csproj" />
		<Project Path="src/Persistence.EntityFramework.PostgreSQL/Persistence.EntityFramework.PostgreSQL.csproj" />
		<Project Path="src/Persistence.EntityFramework.SqlServer/Persistence.EntityFramework.SqlServer.csproj" />
		<Project Path="src/Persistence.EntityFramework.Design/Persistence.EntityFramework.Design.csproj" />
		<File Path="src/Persistence.EntityFramework.Design.Generator.Shared/MigrationContributorDiscovery.cs" />
		<Project Path="src/Persistence.EntityFramework.Design.PostgreSQL.Generator/Persistence.EntityFramework.Design.PostgreSQL.Generator.csproj" />
		<Project Path="src/Persistence.EntityFramework.Design.PostgreSQL/Persistence.EntityFramework.Design.PostgreSQL.csproj" />
		<Project Path="src/Persistence.EntityFramework.Design.SqlServer.Generator/Persistence.EntityFramework.Design.SqlServer.Generator.csproj" />
		<Project Path="src/Persistence.EntityFramework.Design.SqlServer/Persistence.EntityFramework.Design.SqlServer.csproj" />
		<Project Path="src/Persistence.EntityFramework.Generator/Persistence.EntityFramework.Generator.csproj" />
	</Folder>
	<Folder Name="/tests/">
		<File Path="tests/Directory.Build.props" />
		<File Path="tests/Directory.Build.targets" />
		<Project Path="tests/Persistence.EntityFramework.Tests/Persistence.EntityFramework.Tests.csproj" />
		<Project Path="tests/Persistence.EntityFramework.PostgreSQL.Tests/Persistence.EntityFramework.PostgreSQL.Tests.csproj" />
		<Project Path="tests/Persistence.EntityFramework.SqlServer.Tests/Persistence.EntityFramework.SqlServer.Tests.csproj" />
		<Project Path="tests/Persistence.EntityFramework.Design.Tests/Persistence.EntityFramework.Design.Tests.csproj" />
		<Project Path="tests/Persistence.EntityFramework.Design.PostgreSQL.Generator.Tests/Persistence.EntityFramework.Design.PostgreSQL.Generator.Tests.csproj" />
		<Project Path="tests/Persistence.EntityFramework.Design.SqlServer.Generator.Tests/Persistence.EntityFramework.Design.SqlServer.Generator.Tests.csproj" />
		<Project Path="tests/Persistence.EntityFramework.Generator.Tests/Persistence.EntityFramework.Generator.Tests.csproj" />
	</Folder>
</Solution>
