<Solution>
	<Folder Name="/Solution Items/">
		<File Path=".editorconfig" />
		<File Path=".gitattributes" />
		<File Path=".gitignore" />
		<File Path="CLAUDE.md" />
		<File Path="Directory.Build.props" />
		<File Path="global.json" />
		<File Path="LICENSE" />
		<File Path="nuget.config" />
		<File Path="README.md" />
	</Folder>
	<Folder Name="/src/">
		<File Path="src/Directory.Build.props" />
		<File Path="src/Directory.Build.targets" />
		<Project Path="src/Persistence.EntityFramework/Persistence.EntityFramework.csproj" />
		<Project Path="src/Persistence.EntityFramework.PostgreSQL/Persistence.EntityFramework.PostgreSQL.csproj" />
		<Project Path="src/Persistence.EntityFramework.SqlServer/Persistence.EntityFramework.SqlServer.csproj" />
		<Project Path="src/Persistence.EntityFramework.Design/Persistence.EntityFramework.Design.csproj" />
		<Project Path="src/Persistence.EntityFramework.Migrations/Persistence.EntityFramework.Migrations.csproj" />
	</Folder>
	<Folder Name="/gen/">
		<File Path="gen/Directory.Build.props" />
		<Project Path="gen/Persistence.EntityFramework.Generator/Persistence.EntityFramework.Generator.csproj" />
		<Project Path="gen/Persistence.EntityFramework.Migrations.Generator/Persistence.EntityFramework.Migrations.Generator.csproj" />
	</Folder>
	<Folder Name="/tests/">
		<File Path="tests/Directory.Build.props" />
		<File Path="tests/Directory.Build.targets" />
		<Project Path="tests/Persistence.EntityFramework.Tests/Persistence.EntityFramework.Tests.csproj" />
		<Project Path="tests/Persistence.EntityFramework.PostgreSQL.Tests/Persistence.EntityFramework.PostgreSQL.Tests.csproj" />
		<Project Path="tests/Persistence.EntityFramework.SqlServer.Tests/Persistence.EntityFramework.SqlServer.Tests.csproj" />
		<Project Path="tests/Persistence.EntityFramework.Design.Tests/Persistence.EntityFramework.Design.Tests.csproj" />
		<Project Path="tests/Persistence.EntityFramework.Generator.Tests/Persistence.EntityFramework.Generator.Tests.csproj" />
		<Project Path="tests/Persistence.EntityFramework.Migrations.Tests/Persistence.EntityFramework.Migrations.Tests.csproj" />
		<Project Path="tests/Persistence.EntityFramework.Migrations.Generator.Tests/Persistence.EntityFramework.Migrations.Generator.Tests.csproj" />
	</Folder>
</Solution>
